
Microsoft Visual Studio Solution File, Format Version 12.00
# Visual Studio Version 17
VisualStudioVersion = 17.1.32328.378
MinimumVisualStudioVersion = 10.0.40219.1
Project("{FAE04EC0-301F-11D3-BF4B-00C04F79EFBC}") = "BlazorDemoUI", "BlazorDemoUI\BlazorDemoUI.csproj", "{330461D9-3D0D-4E01-A652-290F3975A3D4}"
EndProject
Project("{FAE04EC0-301F-11D3-BF4B-00C04F79EFBC}") = "DataAccessLibrary", "DataAccessLibrary\DataAccessLibrary.csproj", "{FDFB0D67-9020-49A0-8DA1-EEB78BC1C16A}"
EndProject
Project("{2150E333-8FDC-42A3-9474-1A3956D46DE8}") = "Solution Items", "Solution Items", "{47A5B218-5E70-49EB-BC02-E94580A4E162}"
	ProjectSection(SolutionItems) = preProject
		.editorconfig = .editorconfig
	EndProjectSection
EndProject
Global
	GlobalSection(SolutionConfigurationPlatforms) = preSolution
		Debug|Any CPU = Debug|Any CPU
		Release|Any CPU = Release|Any CPU
	EndGlobalSection
	GlobalSection(ProjectConfigurationPlatforms) = postSolution
		{330461D9-3D0D-4E01-A652-290F3975A3D4}.Debug|Any CPU.ActiveCfg = Debug|Any CPU
		{330461D9-3D0D-4E01-A652-290F3975A3D4}.Debug|Any CPU.Build.0 = Debug|Any CPU
		{330461D9-3D0D-4E01-A652-290F3975A3D4}.Release|Any CPU.ActiveCfg = Release|Any CPU
		{330461D9-3D0D-4E01-A652-290F3975A3D4}.Release|Any CPU.Build.0 = Release|Any CPU
		{FDFB0D67-9020-49A0-8DA1-EEB78BC1C16A}.Debug|Any CPU.ActiveCfg = Debug|Any CPU
		{FDFB0D67-9020-49A0-8DA1-EEB78BC1C16A}.Debug|Any CPU.Build.0 = Debug|Any CPU
		{FDFB0D67-9020-49A0-8DA1-EEB78BC1C16A}.Release|Any CPU.ActiveCfg = Release|Any CPU
		{FDFB0D67-9020-49A0-8DA1-EEB78BC1C16A}.Release|Any CPU.Build.0 = Release|Any CPU
	EndGlobalSection
	GlobalSection(SolutionProperties) = preSolution
		HideSolutionNode = FALSE
	EndGlobalSection
	GlobalSection(ExtensibilityGlobals) = postSolution
		SolutionGuid = {794E5932-8421-48B4-B9B1-0DC5A62724DB}
	EndGlobalSection
EndGlobal
